// !$*UTF8*$!
{
	archiveVersion = 1;
	classes = {
	};
	objectVersion = 48;
	objects = {

/* Begin PBXBuildFile section */
		229F10CC223C208D0000600A /* AppDelegate.swift in Sources */ = {isa = PBXBuildFile; fileRef = 229F10CB223C208D0000600A /* AppDelegate.swift */; };
		229F10CE223C208D0000600A /* ViewController.swift in Sources */ = {isa = PBXBuildFile; fileRef = 229F10CD223C208D0000600A /* ViewController.swift */; };
		229F10D1223C208D0000600A /* Main.storyboard in Resources */ = {isa = PBXBuildFile; fileRef = 229F10CF223C208D0000600A /* Main.storyboard */; };
		229F10D3223C208D0000600A /* Assets.xcassets in Resources */ = {isa = PBXBuildFile; fileRef = 229F10D2223C208D0000600A /* Assets.xcassets */; };
		229F10E1223C208E0000600A /* MPC_2019_3_15Tests.swift in Sources */ = {isa = PBXBuildFile; fileRef = 229F10E0223C208E0000600A /* MPC_2019_3_15Tests.swift */; };
/* End PBXBuildFile section */

/* Begin PBXContainerItemProxy section */
		229F10DD223C208E0000600A /* PBXContainerItemProxy */ = {
			isa = PBXContainerItemProxy;
			containerPortal = 229F10C0223C208D0000600A /* Project object */;
			proxyType = 1;
			remoteGlobalIDString = 229F10C7223C208D0000600A;
			remoteInfo = "MPC 2019_3_15";
		};
/* End PBXContainerItemProxy section */

/* Begin PBXFileReference section */
		229F10C8223C208D0000600A /* MPC 2019_3_15.app */ = {isa = PBXFileReference; explicitFileType = wrapper.application; includeInIndex = 0; path = "MPC 2019_3_15.app"; sourceTree = BUILT_PRODUCTS_DIR; };
		229F10CB223C208D0000600A /* AppDelegate.swift */ = {isa = PBXFileReference; lastKnownFileType = sourcecode.swift; path = AppDelegate.swift; sourceTree = "<group>"; };
		229F10CD223C208D0000600A /* ViewController.swift */ = {isa = PBXFileReference; lastKnownFileType = sourcecode.swift; path = ViewController.swift; sourceTree = "<group>"; };
		229F10D0223C208D0000600A /* Base */ = {isa = PBXFileReference; lastKnownFileType = file.storyboard; name = Base; path = Base.lproj/Main.storyboard; sourceTree = "<group>"; };
		229F10D2223C208D0000600A /* Assets.xcassets */ = {isa = PBXFileReference; lastKnownFileType = folder.assetcatalog; path = Assets.xcassets; sourceTree = "<group>"; };
		229F10D7223C208D0000600A /* Info.plist */ = {isa = PBXFileReference; lastKnownFileType = text.plist.xml; path = Info.plist; sourceTree = "<group>"; };
		229F10DC223C208E0000600A /* MPC 2019_3_15Tests.xctest */ = {isa = PBXFileReference; explicitFileType = wrapper.cfbundle; includeInIndex = 0; path = "MPC 2019_3_15Tests.xctest"; sourceTree = BUILT_PRODUCTS_DIR; };
		229F10E0223C208E0000600A /* MPC_2019_3_15Tests.swift */ = {isa = PBXFileReference; lastKnownFileType = sourcecode.swift; path = MPC_2019_3_15Tests.swift; sourceTree = "<group>"; };
		229F10E2223C208E0000600A /* Info.plist */ = {isa = PBXFileReference; lastKnownFileType = text.plist.xml; path = Info.plist; sourceTree = "<group>"; };
/* End PBXFileReference section */

/* Begin PBXFrameworksBuildPhase section */
		229F10C5223C208D0000600A /* Frameworks */ = {
			isa = PBXFrameworksBuildPhase;
			buildActionMask = 2147483647;
			files = (
			);
			runOnlyForDeploymentPostprocessing = 0;
		};
		229F10D9223C208E0000600A /* Frameworks */ = {
			isa = PBXFrameworksBuildPhase;
			buildActionMask = 2147483647;
			files = (
			);
			runOnlyForDeploymentPostprocessing = 0;
		};
/* End PBXFrameworksBuildPhase section */

/* Begin PBXGroup section */
		229F10BF223C208D0000600A = {
			isa = PBXGroup;
			children = (
				229F10CA223C208D0000600A /* MPC 2019_3_15 */,
				229F10DF223C208E0000600A /* MPC 2019_3_15Tests */,
				229F10C9223C208D0000600A /* Products */,
			);
			sourceTree = "<group>";
		};
		229F10C9223C208D0000600A /* Products */ = {
			isa = PBXGroup;
			children = (
				229F10C8223C208D0000600A /* MPC 2019_3_15.app */,
				229F10DC223C208E0000600A /* MPC 2019_3_15Tests.xctest */,
			);
			name = Products;
			sourceTree = "<group>";
		};
		229F10CA223C208D0000600A /* MPC 2019_3_15 */ = {
			isa = PBXGroup;
			children = (
				229F10CB223C208D0000600A /* AppDelegate.swift */,
				229F10CD223C208D0000600A /* ViewController.swift */,
				229F10CF223C208D0000600A /* Main.storyboard */,
				229F10D2223C208D0000600A /* Assets.xcassets */,
				229F10D7223C208D0000600A /* Info.plist */,
			);
			path = "MPC 2019_3_15";
			sourceTree = "<group>";
		};
		229F10DF223C208E0000600A /* MPC 2019_3_15Tests */ = {
			isa = PBXGroup;
			children = (
				229F10E0223C208E0000600A /* MPC_2019_3_15Tests.swift */,
				229F10E2223C208E0000600A /* Info.plist */,
			);
			path = "MPC 2019_3_15Tests";
			sourceTree = "<group>";
		};
/* End PBXGroup section */

/* Begin PBXNativeTarget section */
		229F10C7223C208D0000600A /* MPC 2019_3_15 */ = {
			isa = PBXNativeTarget;
			buildConfigurationList = 229F10E5223C208E0000600A /* Build configuration list for PBXNativeTarget "MPC 2019_3_15" */;
			buildPhases = (
				229F10C4223C208D0000600A /* Sources */,
				229F10C5223C208D0000600A /* Frameworks */,
				229F10C6223C208D0000600A /* Resources */,
			);
			buildRules = (
			);
			dependencies = (
			);
			name = "MPC 2019_3_15";
			productName = "MPC 2019_3_15";
			productReference = 229F10C8223C208D0000600A /* MPC 2019_3_15.app */;
			productType = "com.apple.product-type.application";
		};
		229F10DB223C208E0000600A /* MPC 2019_3_15Tests */ = {
			isa = PBXNativeTarget;
			buildConfigurationList = 229F10E8223C208E0000600A /* Build configuration list for PBXNativeTarget "MPC 2019_3_15Tests" */;
			buildPhases = (
				229F10D8223C208E0000600A /* Sources */,
				229F10D9223C208E0000600A /* Frameworks */,
				229F10DA223C208E0000600A /* Resources */,
			);
			buildRules = (
			);
			dependencies = (
				229F10DE223C208E0000600A /* PBXTargetDependency */,
			);
			name = "MPC 2019_3_15Tests";
			productName = "MPC 2019_3_15Tests";
			productReference = 229F10DC223C208E0000600A /* MPC 2019_3_15Tests.xctest */;
			productType = "com.apple.product-type.bundle.unit-test";
		};
/* End PBXNativeTarget section */

/* Begin PBXProject section */
		229F10C0223C208D0000600A /* Project object */ = {
			isa = PBXProject;
			attributes = {
				LastSwiftUpdateCheck = 0900;
				LastUpgradeCheck = 0900;
				ORGANIZATIONNAME = com.sa;
				TargetAttributes = {
					229F10C7223C208D0000600A = {
						CreatedOnToolsVersion = 9.0;
						ProvisioningStyle = Automatic;
					};
					229F10DB223C208E0000600A = {
						CreatedOnToolsVersion = 9.0;
						ProvisioningStyle = Automatic;
						TestTargetID = 229F10C7223C208D0000600A;
					};
				};
			};
			buildConfigurationList = 229F10C3223C208D0000600A /* Build configuration list for PBXProject "MPC 2019_3_15" */;
			compatibilityVersion = "Xcode 8.0";
			developmentRegion = en;
			hasScannedForEncodings = 0;
			knownRegions = (
				en,
				Base,
			);
			mainGroup = 229F10BF223C208D0000600A;
			productRefGroup = 229F10C9223C208D0000600A /* Products */;
			projectDirPath = "";
			projectRoot = "";
			targets = (
				229F10C7223C208D0000600A /* MPC 2019_3_15 */,
				229F10DB223C208E0000600A /* MPC 2019_3_15Tests */,
			);
		};
/* End PBXProject section */

/* Begin PBXResourcesBuildPhase section */
		229F10C6223C208D0000600A /* Resources */ = {
			isa = PBXResourcesBuildPhase;
			buildActionMask = 2147483647;
			files = (
				229F10D3223C208D0000600A /* Assets.xcassets in Resources */,
				229F10D1223C208D0000600A /* Main.storyboard in Resources */,
			);
			runOnlyForDeploymentPostprocessing = 0;
		};
		229F10DA223C208E0000600A /* Resources */ = {
			isa = PBXResourcesBuildPhase;
			buildActionMask = 2147483647;
			files = (
			);
			runOnlyForDeploymentPostprocessing = 0;
		};
/* End PBXResourcesBuildPhase section */

/* Begin PBXSourcesBuildPhase section */
		229F10C4223C208D0000600A /* Sources */ = {
			isa = PBXSourcesBuildPhase;
			buildActionMask = 2147483647;
			files = (
				229F10CE223C208D0000600A /* ViewController.swift in Sources */,
				229F10CC223C208D0000600A /* AppDelegate.swift in Sources */,
			);
			runOnlyForDeploymentPostprocessing = 0;
		};
		229F10D8223C208E0000600A /* Sources */ = {
			isa = PBXSourcesBuildPhase;
			buildActionMask = 2147483647;
			files = (
				229F10E1223C208E0000600A /* MPC_2019_3_15Tests.swift in Sources */,
			);
			runOnlyForDeploymentPostprocessing = 0;
		};
/* End PBXSourcesBuildPhase section */

/* Begin PBXTargetDependency section */
		229F10DE223C208E0000600A /* PBXTargetDependency */ = {
			isa = PBXTargetDependency;
			target = 229F10C7223C208D0000600A /* MPC 2019_3_15 */;
			targetProxy = 229F10DD223C208E0000600A /* PBXContainerItemProxy */;
		};
/* End PBXTargetDependency section */

/* Begin PBXVariantGroup section */
		229F10CF223C208D0000600A /* Main.storyboard */ = {
			isa = PBXVariantGroup;
			children = (
				229F10D0223C208D0000600A /* Base */,
			);
			name = Main.storyboard;
			sourceTree = "<group>";
		};
/* End PBXVariantGroup section */

/* Begin XCBuildConfiguration section */
		229F10E3223C208E0000600A /* Debug */ = {
			isa = XCBuildConfiguration;
			buildSettings = {
				ALWAYS_SEARCH_USER_PATHS = NO;
				CLANG_ANALYZER_NONNULL = YES;
				CLANG_ANALYZER_NUMBER_OBJECT_CONVERSION = YES_AGGRESSIVE;
				CLANG_CXX_LANGUAGE_STANDARD = "gnu++14";
				CLANG_CXX_LIBRARY = "libc++";
				CLANG_ENABLE_MODULES = YES;
				CLANG_ENABLE_OBJC_ARC = YES;
				CLANG_WARN_BLOCK_CAPTURE_AUTORELEASING = YES;
				CLANG_WARN_BOOL_CONVERSION = YES;
				CLANG_WARN_COMMA = YES;
				CLANG_WARN_CONSTANT_CONVERSION = YES;
				CLANG_WARN_DIRECT_OBJC_ISA_USAGE = YES_ERROR;
				CLANG_WARN_DOCUMENTATION_COMMENTS = YES;
				CLANG_WARN_EMPTY_BODY = YES;
				CLANG_WARN_ENUM_CONVERSION = YES;
				CLANG_WARN_INFINITE_RECURSION = YES;
				CLANG_WARN_INT_CONVERSION = YES;
				CLANG_WARN_NON_LITERAL_NULL_CONVERSION = YES;
				CLANG_WARN_OBJC_LITERAL_CONVERSION = YES;
				CLANG_WARN_OBJC_ROOT_CLASS = YES_ERROR;
				CLANG_WARN_RANGE_LOOP_ANALYSIS = YES;
				CLANG_WARN_STRICT_PROTOTYPES = YES;
				CLANG_WARN_SUSPICIOUS_MOVE = YES;
				CLANG_WARN_UNGUARDED_AVAILABILITY = YES_AGGRESSIVE;
				CLANG_WARN_UNREACHABLE_CODE = YES;
				CLANG_WARN__DUPLICATE_METHOD_MATCH = YES;
				CODE_SIGN_IDENTITY = "iPhone Developer";
				COPY_PHASE_STRIP = NO;
				DEBUG_INFORMATION_FORMAT = dwarf;
				ENABLE_STRICT_OBJC_MSGSEND = YES;
				ENABLE_TESTABILITY = YES;
				GCC_C_LANGUAGE_STANDARD = gnu11;
				GCC_DYNAMIC_NO_PIC = NO;
				GCC_NO_COMMON_BLOCKS = YES;
				GCC_OPTIMIZATION_LEVEL = 0;
				GCC_PREPROCESSOR_DEFINITIONS = (
					"DEBUG=1",
					"$(inherited)",
				);
				GCC_WARN_64_TO_32_BIT_CONVERSION = YES;
				GCC_WARN_ABOUT_RETURN_TYPE = YES_ERROR;
				GCC_WARN_UNDECLARED_SELECTOR = YES;
				GCC_WARN_UNINITIALIZED_AUTOS = YES_AGGRESSIVE;
				GCC_WARN_UNUSED_FUNCTION = YES;
				GCC_WARN_UNUSED_VARIABLE = YES;
				IPHONEOS_DEPLOYMENT_TARGET = 11.0;
				MTL_ENABLE_DEBUG_INFO = YES;
				ONLY_ACTIVE_ARCH = YES;
				SDKROOT = iphoneos;
				SWIFT_ACTIVE_COMPILATION_CONDITIONS = DEBUG;
				SWIFT_OPTIMIZATION_LEVEL = "-Onone";
			};
			name = Debug;
		};
		229F10E4223C208E0000600A /* Release */ = {
			isa = XCBuildConfiguration;
			buildSettings = {
				ALWAYS_SEARCH_USER_PATHS = NO;
				CLANG_ANALYZER_NONNULL = YES;
				CLANG_ANALYZER_NUMBER_OBJECT_CONVERSION = YES_AGGRESSIVE;
				CLANG_CXX_LANGUAGE_STANDARD = "gnu++14";
				CLANG_CXX_LIBRARY = "libc++";
				CLANG_ENABLE_MODULES = YES;
				CLANG_ENABLE_OBJC_ARC = YES;
				CLANG_WARN_BLOCK_CAPTURE_AUTORELEASING = YES;
				CLANG_WARN_BOOL_CONVERSION = YES;
				CLANG_WARN_COMMA = YES;
				CLANG_WARN_CONSTANT_CONVERSION = YES;
				CLANG_WARN_DIRECT_OBJC_ISA_USAGE = YES_ERROR;
				CLANG_WARN_DOCUMENTATION_COMMENTS = YES;
				CLANG_WARN_EMPTY_BODY = YES;
				CLANG_WARN_ENUM_CONVERSION = YES;
				CLANG_WARN_INFINITE_RECURSION = YES;
				CLANG_WARN_INT_CONVERSION = YES;
				CLANG_WARN_NON_LITERAL_NULL_CONVERSION = YES;
				CLANG_WARN_OBJC_LITERAL_CONVERSION = YES;
				CLANG_WARN_OBJC_ROOT_CLASS = YES_ERROR;
				CLANG_WARN_RANGE_LOOP_ANALYSIS = YES;
				CLANG_WARN_STRICT_PROTOTYPES = YES;
				CLANG_WARN_SUSPICIOUS_MOVE = YES;
				CLANG_WARN_UNGUARDED_AVAILABILITY = YES_AGGRESSIVE;
				CLANG_WARN_UNREACHABLE_CODE = YES;
				CLANG_WARN__DUPLICATE_METHOD_MATCH = YES;
				CODE_SIGN_IDENTITY = "iPhone Developer";
				COPY_PHASE_STRIP = NO;
				DEBUG_INFORMATION_FORMAT = "dwarf-with-dsym";
				ENABLE_NS_ASSERTIONS = NO;
				ENABLE_STRICT_OBJC_MSGSEND = YES;
				GCC_C_LANGUAGE_STANDARD = gnu11;
				GCC_NO_COMMON_BLOCKS = YES;
				GCC_WARN_64_TO_32_BIT_CONVERSION = YES;
				GCC_WARN_ABOUT_RETURN_TYPE = YES_ERROR;
				GCC_WARN_UNDECLARED_SELECTOR = YES;
				GCC_WARN_UNINITIALIZED_AUTOS = YES_AGGRESSIVE;
				GCC_WARN_UNUSED_FUNCTION = YES;
				GCC_WARN_UNUSED_VARIABLE = YES;
				IPHONEOS_DEPLOYMENT_TARGET = 11.0;
				MTL_ENABLE_DEBUG_INFO = NO;
				SDKROOT = iphoneos;
				SWIFT_OPTIMIZATION_LEVEL = "-Owholemodule";
				VALIDATE_PRODUCT = YES;
			};
			name = Release;
		};
		229F10E6223C208E0000600A /* Debug */ = {
			isa = XCBuildConfiguration;
			buildSettings = {
				ASSETCATALOG_COMPILER_APPICON_NAME = AppIcon;
				CODE_SIGN_STYLE = Automatic;
				INFOPLIST_FILE = "MPC 2019_3_15/Info.plist";
				LD_RUNPATH_SEARCH_PATHS = "$(inherited) @executable_path/Frameworks";
				PRODUCT_BUNDLE_IDENTIFIER = "com.connectus.MPC-2019-3-15";
				PRODUCT_NAME = "$(TARGET_NAME)";
				SWIFT_VERSION = 4.0;
				TARGETED_DEVICE_FAMILY = "1,2";
			};
			name = Debug;
		};
		229F10E7223C208E0000600A /* Release */ = {
			isa = XCBuildConfiguration;
			buildSettings = {
				ASSETCATALOG_COMPILER_APPICON_NAME = AppIcon;
				CODE_SIGN_STYLE = Automatic;
				INFOPLIST_FILE = "MPC 2019_3_15/Info.plist";
				LD_RUNPATH_SEARCH_PATHS = "$(inherited) @executable_path/Frameworks";
				PRODUCT_BUNDLE_IDENTIFIER = "com.connectus.MPC-2019-3-15";
				PRODUCT_NAME = "$(TARGET_NAME)";
				SWIFT_VERSION = 4.0;
				TARGETED_DEVICE_FAMILY = "1,2";
			};
			name = Release;
		};
		229F10E9223C208E0000600A /* Debug */ = {
			isa = XCBuildConfiguration;
			buildSettings = {
				ALWAYS_EMBED_SWIFT_STANDARD_LIBRARIES = YES;
				BUNDLE_LOADER = "$(TEST_HOST)";
				CODE_SIGN_STYLE = Automatic;
				INFOPLIST_FILE = "MPC 2019_3_15Tests/Info.plist";
				LD_RUNPATH_SEARCH_PATHS = "$(inherited) @executable_path/Frameworks @loader_path/Frameworks";
				PRODUCT_BUNDLE_IDENTIFIER = "com.connectus.MPC-2019-3-15Tests";
				PRODUCT_NAME = "$(TARGET_NAME)";
				SWIFT_VERSION = 4.0;
				TARGETED_DEVICE_FAMILY = "1,2";
				TEST_HOST = "$(BUILT_PRODUCTS_DIR)/MPC 2019_3_15.app/MPC 2019_3_15";
			};
			name = Debug;
		};
		229F10EA223C208E0000600A /* Release */ = {
			isa = XCBuildConfiguration;
			buildSettings = {
				ALWAYS_EMBED_SWIFT_STANDARD_LIBRARIES = YES;
				BUNDLE_LOADER = "$(TEST_HOST)";
				CODE_SIGN_STYLE = Automatic;
				INFOPLIST_FILE = "MPC 2019_3_15Tests/Info.plist";
				LD_RUNPATH_SEARCH_PATHS = "$(inherited) @executable_path/Frameworks @loader_path/Frameworks";
				PRODUCT_BUNDLE_IDENTIFIER = "com.connectus.MPC-2019-3-15Tests";
				PRODUCT_NAME = "$(TARGET_NAME)";
				SWIFT_VERSION = 4.0;
				TARGETED_DEVICE_FAMILY = "1,2";
				TEST_HOST = "$(BUILT_PRODUCTS_DIR)/MPC 2019_3_15.app/MPC 2019_3_15";
			};
			name = Release;
		};
/* End XCBuildConfiguration section */

/* Begin XCConfigurationList section */
		229F10C3223C208D0000600A /* Build configuration list for PBXProject "MPC 2019_3_15" */ = {
			isa = XCConfigurationList;
			buildConfigurations = (
				229F10E3223C208E0000600A /* Debug */,
				229F10E4223C208E0000600A /* Release */,
			);
			defaultConfigurationIsVisible = 0;
			defaultConfigurationName = Release;
		};
		229F10E5223C208E0000600A /* Build configuration list for PBXNativeTarget "MPC 2019_3_15" */ = {
			isa = XCConfigurationList;
			buildConfigurations = (
				229F10E6223C208E0000600A /* Debug */,
				229F10E7223C208E0000600A /* Release */,
			);
			defaultConfigurationIsVisible = 0;
			defaultConfigurationName = Release;
		};
		229F10E8223C208E0000600A /* Build configuration list for PBXNativeTarget "MPC 2019_3_15Tests" */ = {
			isa = XCConfigurationList;
			buildConfigurations = (
				229F10E9223C208E0000600A /* Debug */,
				229F10EA223C208E0000600A /* Release */,
			);
			defaultConfigurationIsVisible = 0;
			defaultConfigurationName = Release;
		};
/* End XCConfigurationList section */
	};
	rootObject = 229F10C0223C208D0000600A /* Project object */;
}
